
Microsoft Visual Studio Solution File, Format Version 12.00
# Visual Studio 14
VisualStudioVersion = 14.0.25420.1
MinimumVisualStudioVersion = 10.0.40219.1
Project("{8BC9CEB8-8B4A-11D0-8D11-00A0C91BC942}") = "lab1-1", "lab1-1.vcxproj", "{FBA9DE4D-2AF9-4096-B06A-C4A12FF424E8}"
EndProject
Project("{8BC9CEB8-8B4A-11D0-8D11-00A0C91BC942}") = "lab1-2", "lab1-2.vcxproj", "{DE8B0048-3AB4-4168-AAE1-816579C7C3E8}"
	ProjectSection(ProjectDependencies) = postProject
		{76F7623E-1850-4214-A8F2-764660EF2A4E} = {76F7623E-1850-4214-A8F2-764660EF2A4E}
	EndProjectSection
EndProject
Project("{8BC9CEB8-8B4A-11D0-8D11-00A0C91BC942}") = "readfile", "readfile\readfile.vcxproj", "{76F7623E-1850-4214-A8F2-764660EF2A4E}"
EndProject
Project("{8BC9CEB8-8B4A-11D0-8D11-00A0C91BC942}") = "lodepng", "lodepng\lodepng.vcxproj", "{D3FA4B4E-8EC1-4194-B97D-C1CB52C93264}"
EndProject
Project("{8BC9CEB8-8B4A-11D0-8D11-00A0C91BC942}") = "lab1-3", "lab1-3.vcxproj", "{10BF9F55-2940-40BB-AB63-75BC67C93209}"
	ProjectSection(ProjectDependencies) = postProject
		{76F7623E-1850-4214-A8F2-764660EF2A4E} = {76F7623E-1850-4214-A8F2-764660EF2A4E}
		{D3FA4B4E-8EC1-4194-B97D-C1CB52C93264} = {D3FA4B4E-8EC1-4194-B97D-C1CB52C93264}
	EndProjectSection
EndProject
Project("{8BC9CEB8-8B4A-11D0-8D11-00A0C91BC942}") = "lab1-4", "lab1-4.vcxproj", "{2FF0691E-859A-46E2-A9FA-594C2F340C22}"
	ProjectSection(ProjectDependencies) = postProject
		{76F7623E-1850-4214-A8F2-764660EF2A4E} = {76F7623E-1850-4214-A8F2-764660EF2A4E}
		{D3FA4B4E-8EC1-4194-B97D-C1CB52C93264} = {D3FA4B4E-8EC1-4194-B97D-C1CB52C93264}
	EndProjectSection
EndProject
Project("{8BC9CEB8-8B4A-11D0-8D11-00A0C91BC942}") = "lab1-5", "lab1-5.vcxproj", "{4E87B419-9864-42CB-8817-BA70237E1F6C}"
	ProjectSection(ProjectDependencies) = postProject
		{76F7623E-1850-4214-A8F2-764660EF2A4E} = {76F7623E-1850-4214-A8F2-764660EF2A4E}
		{D3FA4B4E-8EC1-4194-B97D-C1CB52C93264} = {D3FA4B4E-8EC1-4194-B97D-C1CB52C93264}
	EndProjectSection
EndProject
Project("{2150E333-8FDC-42A3-9474-1A3956D46DE8}") = "Lab1", "Lab1", "{7F61F98A-FBA8-4917-9367-B73EFC2767F0}"
EndProject
Global
	GlobalSection(SolutionConfigurationPlatforms) = preSolution
		Debug|ARM = Debug|ARM
		Debug|Mixed Platforms = Debug|Mixed Platforms
		Debug|Win32 = Debug|Win32
		Debug|x64 = Debug|x64
		Release|ARM = Release|ARM
		Release|Mixed Platforms = Release|Mixed Platforms
		Release|Win32 = Release|Win32
		Release|x64 = Release|x64
	EndGlobalSection
	GlobalSection(ProjectConfigurationPlatforms) = postSolution
		{FBA9DE4D-2AF9-4096-B06A-C4A12FF424E8}.Debug|ARM.ActiveCfg = Debug|Win32
		{FBA9DE4D-2AF9-4096-B06A-C4A12FF424E8}.Debug|Mixed Platforms.ActiveCfg = Debug|Win32
		{FBA9DE4D-2AF9-4096-B06A-C4A12FF424E8}.Debug|Win32.ActiveCfg = Debug|Win32
		{FBA9DE4D-2AF9-4096-B06A-C4A12FF424E8}.Debug|Win32.Build.0 = Debug|Win32
		{FBA9DE4D-2AF9-4096-B06A-C4A12FF424E8}.Debug|x64.ActiveCfg = Debug|x64
		{FBA9DE4D-2AF9-4096-B06A-C4A12FF424E8}.Release|ARM.ActiveCfg = Release|Win32
		{FBA9DE4D-2AF9-4096-B06A-C4A12FF424E8}.Release|Mixed Platforms.ActiveCfg = Release|Win32
		{FBA9DE4D-2AF9-4096-B06A-C4A12FF424E8}.Release|Mixed Platforms.Build.0 = Release|Win32
		{FBA9DE4D-2AF9-4096-B06A-C4A12FF424E8}.Release|Win32.ActiveCfg = Release|Win32
		{FBA9DE4D-2AF9-4096-B06A-C4A12FF424E8}.Release|Win32.Build.0 = Release|Win32
		{FBA9DE4D-2AF9-4096-B06A-C4A12FF424E8}.Release|x64.ActiveCfg = Release|x64
		{DE8B0048-3AB4-4168-AAE1-816579C7C3E8}.Debug|ARM.ActiveCfg = Debug|Win32
		{DE8B0048-3AB4-4168-AAE1-816579C7C3E8}.Debug|Mixed Platforms.ActiveCfg = Debug|Win32
		{DE8B0048-3AB4-4168-AAE1-816579C7C3E8}.Debug|Win32.ActiveCfg = Debug|Win32
		{DE8B0048-3AB4-4168-AAE1-816579C7C3E8}.Debug|Win32.Build.0 = Debug|Win32
		{DE8B0048-3AB4-4168-AAE1-816579C7C3E8}.Debug|x64.ActiveCfg = Debug|x64
		{DE8B0048-3AB4-4168-AAE1-816579C7C3E8}.Release|ARM.ActiveCfg = Release|Win32
		{DE8B0048-3AB4-4168-AAE1-816579C7C3E8}.Release|Mixed Platforms.ActiveCfg = Release|Win32
		{DE8B0048-3AB4-4168-AAE1-816579C7C3E8}.Release|Mixed Platforms.Build.0 = Release|Win32
		{DE8B0048-3AB4-4168-AAE1-816579C7C3E8}.Release|Win32.ActiveCfg = Release|Win32
		{DE8B0048-3AB4-4168-AAE1-816579C7C3E8}.Release|Win32.Build.0 = Release|Win32
		{DE8B0048-3AB4-4168-AAE1-816579C7C3E8}.Release|x64.ActiveCfg = Release|x64
		{76F7623E-1850-4214-A8F2-764660EF2A4E}.Debug|ARM.ActiveCfg = Debug|Win32
		{76F7623E-1850-4214-A8F2-764660EF2A4E}.Debug|Mixed Platforms.ActiveCfg = Debug|Win32
		{76F7623E-1850-4214-A8F2-764660EF2A4E}.Debug|Win32.ActiveCfg = Debug|Win32
		{76F7623E-1850-4214-A8F2-764660EF2A4E}.Debug|Win32.Build.0 = Debug|Win32
		{76F7623E-1850-4214-A8F2-764660EF2A4E}.Debug|x64.ActiveCfg = Debug|x64
		{76F7623E-1850-4214-A8F2-764660EF2A4E}.Release|ARM.ActiveCfg = Release|Win32
		{76F7623E-1850-4214-A8F2-764660EF2A4E}.Release|Mixed Platforms.ActiveCfg = Release|Win32
		{76F7623E-1850-4214-A8F2-764660EF2A4E}.Release|Mixed Platforms.Build.0 = Release|Win32
		{76F7623E-1850-4214-A8F2-764660EF2A4E}.Release|Win32.ActiveCfg = Release|Win32
		{76F7623E-1850-4214-A8F2-764660EF2A4E}.Release|Win32.Build.0 = Release|Win32
		{76F7623E-1850-4214-A8F2-764660EF2A4E}.Release|x64.ActiveCfg = Release|x64
		{D3FA4B4E-8EC1-4194-B97D-C1CB52C93264}.Debug|ARM.ActiveCfg = Debug|Win32
		{D3FA4B4E-8EC1-4194-B97D-C1CB52C93264}.Debug|Mixed Platforms.ActiveCfg = Debug|Win32
		{D3FA4B4E-8EC1-4194-B97D-C1CB52C93264}.Debug|Win32.ActiveCfg = Debug|Win32
		{D3FA4B4E-8EC1-4194-B97D-C1CB52C93264}.Debug|Win32.Build.0 = Debug|Win32
		{D3FA4B4E-8EC1-4194-B97D-C1CB52C93264}.Debug|x64.ActiveCfg = Debug|x64
		{D3FA4B4E-8EC1-4194-B97D-C1CB52C93264}.Release|ARM.ActiveCfg = Release|Win32
		{D3FA4B4E-8EC1-4194-B97D-C1CB52C93264}.Release|Mixed Platforms.ActiveCfg = Release|Win32
		{D3FA4B4E-8EC1-4194-B97D-C1CB52C93264}.Release|Mixed Platforms.Build.0 = Release|Win32
		{D3FA4B4E-8EC1-4194-B97D-C1CB52C93264}.Release|Win32.ActiveCfg = Release|Win32
		{D3FA4B4E-8EC1-4194-B97D-C1CB52C93264}.Release|Win32.Build.0 = Release|Win32
		{D3FA4B4E-8EC1-4194-B97D-C1CB52C93264}.Release|x64.ActiveCfg = Release|x64
		{10BF9F55-2940-40BB-AB63-75BC67C93209}.Debug|ARM.ActiveCfg = Debug|Win32
		{10BF9F55-2940-40BB-AB63-75BC67C93209}.Debug|Mixed Platforms.ActiveCfg = Debug|Win32
		{10BF9F55-2940-40BB-AB63-75BC67C93209}.Debug|Win32.ActiveCfg = Debug|Win32
		{10BF9F55-2940-40BB-AB63-75BC67C93209}.Debug|Win32.Build.0 = Debug|Win32
		{10BF9F55-2940-40BB-AB63-75BC67C93209}.Debug|x64.ActiveCfg = Debug|x64
		{10BF9F55-2940-40BB-AB63-75BC67C93209}.Release|ARM.ActiveCfg = Release|Win32
		{10BF9F55-2940-40BB-AB63-75BC67C93209}.Release|Mixed Platforms.ActiveCfg = Release|Win32
		{10BF9F55-2940-40BB-AB63-75BC67C93209}.Release|Mixed Platforms.Build.0 = Release|Win32
		{10BF9F55-2940-40BB-AB63-75BC67C93209}.Release|Win32.ActiveCfg = Release|Win32
		{10BF9F55-2940-40BB-AB63-75BC67C93209}.Release|Win32.Build.0 = Release|Win32
		{10BF9F55-2940-40BB-AB63-75BC67C93209}.Release|x64.ActiveCfg = Release|x64
		{2FF0691E-859A-46E2-A9FA-594C2F340C22}.Debug|ARM.ActiveCfg = Debug|Win32
		{2FF0691E-859A-46E2-A9FA-594C2F340C22}.Debug|Mixed Platforms.ActiveCfg = Debug|Win32
		{2FF0691E-859A-46E2-A9FA-594C2F340C22}.Debug|Win32.ActiveCfg = Debug|Win32
		{2FF0691E-859A-46E2-A9FA-594C2F340C22}.Debug|Win32.Build.0 = Debug|Win32
		{2FF0691E-859A-46E2-A9FA-594C2F340C22}.Debug|x64.ActiveCfg = Debug|x64
		{2FF0691E-859A-46E2-A9FA-594C2F340C22}.Release|ARM.ActiveCfg = Release|Win32
		{2FF0691E-859A-46E2-A9FA-594C2F340C22}.Release|Mixed Platforms.ActiveCfg = Release|Win32
		{2FF0691E-859A-46E2-A9FA-594C2F340C22}.Release|Mixed Platforms.Build.0 = Release|Win32
		{2FF0691E-859A-46E2-A9FA-594C2F340C22}.Release|Win32.ActiveCfg = Release|Win32
		{2FF0691E-859A-46E2-A9FA-594C2F340C22}.Release|Win32.Build.0 = Release|Win32
		{2FF0691E-859A-46E2-A9FA-594C2F340C22}.Release|x64.ActiveCfg = Release|x64
		{4E87B419-9864-42CB-8817-BA70237E1F6C}.Debug|ARM.ActiveCfg = Debug|Win32
		{4E87B419-9864-42CB-8817-BA70237E1F6C}.Debug|Mixed Platforms.ActiveCfg = Debug|Win32
		{4E87B419-9864-42CB-8817-BA70237E1F6C}.Debug|Win32.ActiveCfg = Debug|Win32
		{4E87B419-9864-42CB-8817-BA70237E1F6C}.Debug|Win32.Build.0 = Debug|Win32
		{4E87B419-9864-42CB-8817-BA70237E1F6C}.Debug|x64.ActiveCfg = Debug|x64
		{4E87B419-9864-42CB-8817-BA70237E1F6C}.Release|ARM.ActiveCfg = Release|Win32
		{4E87B419-9864-42CB-8817-BA70237E1F6C}.Release|Mixed Platforms.ActiveCfg = Release|Win32
		{4E87B419-9864-42CB-8817-BA70237E1F6C}.Release|Mixed Platforms.Build.0 = Release|Win32
		{4E87B419-9864-42CB-8817-BA70237E1F6C}.Release|Win32.ActiveCfg = Release|Win32
		{4E87B419-9864-42CB-8817-BA70237E1F6C}.Release|Win32.Build.0 = Release|Win32
		{4E87B419-9864-42CB-8817-BA70237E1F6C}.Release|x64.ActiveCfg = Release|x64
	EndGlobalSection
	GlobalSection(SolutionProperties) = preSolution
		HideSolutionNode = FALSE
	EndGlobalSection
	GlobalSection(NestedProjects) = preSolution
		{FBA9DE4D-2AF9-4096-B06A-C4A12FF424E8} = {7F61F98A-FBA8-4917-9367-B73EFC2767F0}
		{DE8B0048-3AB4-4168-AAE1-816579C7C3E8} = {7F61F98A-FBA8-4917-9367-B73EFC2767F0}
		{10BF9F55-2940-40BB-AB63-75BC67C93209} = {7F61F98A-FBA8-4917-9367-B73EFC2767F0}
		{2FF0691E-859A-46E2-A9FA-594C2F340C22} = {7F61F98A-FBA8-4917-9367-B73EFC2767F0}
		{4E87B419-9864-42CB-8817-BA70237E1F6C} = {7F61F98A-FBA8-4917-9367-B73EFC2767F0}
	EndGlobalSection
EndGlobal
